
Microsoft Visual Studio Solution File, Format Version 12.00
# Visual Studio 2013
VisualStudioVersion = 12.0.30723.0
MinimumVisualStudioVersion = 10.0.40219.1
Project("{FAE04EC0-301F-11D3-BF4B-00C04F79EFBC}") = "NuGetPackager", "NuGetPackager\NuGetPackager.csproj", "{B6DF9A05-0B39-4922-9556-B429C999D699}"
EndProject
Project("{2150E333-8FDC-42A3-9474-1A3956D46DE8}") = ".nuget", ".nuget", "{0019C369-607F-4956-93D5-36BE4D2B8837}"
	ProjectSection(SolutionItems) = preProject
		.nuget\packages.config = .nuget\packages.config
	EndProjectSection
EndProject
Project("{2150E333-8FDC-42A3-9474-1A3956D46DE8}") = "Solution Items", "Solution Items", "{B4BAF9DE-2A22-4FD7-81C4-05EEFC624661}"
	ProjectSection(SolutionItems) = preProject
		..\packaging\nuget\NuGetPackager.nuspec = ..\packaging\nuget\NuGetPackager.nuspec
	EndProjectSection
EndProject
Global
	GlobalSection(SolutionConfigurationPlatforms) = preSolution
		Debug|Any CPU = Debug|Any CPU
		Release|Any CPU = Release|Any CPU
	EndGlobalSection
	GlobalSection(ProjectConfigurationPlatforms) = postSolution
		{B6DF9A05-0B39-4922-9556-B429C999D699}.Debug|Any CPU.ActiveCfg = Debug|Any CPU
		{B6DF9A05-0B39-4922-9556-B429C999D699}.Debug|Any CPU.Build.0 = Debug|Any CPU
		{B6DF9A05-0B39-4922-9556-B429C999D699}.Release|Any CPU.ActiveCfg = Release|Any CPU
		{B6DF9A05-0B39-4922-9556-B429C999D699}.Release|Any CPU.Build.0 = Release|Any CPU
	EndGlobalSection
	GlobalSection(SolutionProperties) = preSolution
		HideSolutionNode = FALSE
	EndGlobalSection
EndGlobal
